
Microsoft Visual Studio Solution File, Format Version 12.00
# Visual Studio 15
VisualStudioVersion = 15.0.26124.0
MinimumVisualStudioVersion = 15.0.26124.0
Project("{2150E333-8FDC-42A3-9474-1A3956D46DE8}") = "src", "src", "{C05ADE38-8643-4FDC-BF4F-8B05C2530963}"
EndProject
Project("{FAE04EC0-301F-11D3-BF4B-00C04F79EFBC}") = "IdentityServer", "src\IdentityServer\IdentityServer.csproj", "{794FB1C9-20BD-49D8-B01A-4A8409D1E453}"
EndProject
Project("{FAE04EC0-301F-11D3-BF4B-00C04F79EFBC}") = "Api", "src\Api\Api.csproj", "{0DACF1B4-AE65-4E8C-9C05-10AC3758842B}"
EndProject
Project("{FAE04EC0-301F-11D3-BF4B-00C04F79EFBC}") = "Client", "src\Client\Client.csproj", "{4D69F42B-03E2-4F82-B139-751A655E51C4}"
EndProject
Project("{FAE04EC0-301F-11D3-BF4B-00C04F79EFBC}") = "MvcClient", "src\MvcClient\MvcClient.csproj", "{79CC0DDF-69BB-4904-AB2C-E9723BDD4B1D}"
EndProject
Global
	GlobalSection(SolutionConfigurationPlatforms) = preSolution
		Debug|Any CPU = Debug|Any CPU
		Debug|x64 = Debug|x64
		Debug|x86 = Debug|x86
		Release|Any CPU = Release|Any CPU
		Release|x64 = Release|x64
		Release|x86 = Release|x86
	EndGlobalSection
	GlobalSection(SolutionProperties) = preSolution
		HideSolutionNode = FALSE
	EndGlobalSection
	GlobalSection(ProjectConfigurationPlatforms) = postSolution
		{794FB1C9-20BD-49D8-B01A-4A8409D1E453}.Debug|Any CPU.ActiveCfg = Debug|Any CPU
		{794FB1C9-20BD-49D8-B01A-4A8409D1E453}.Debug|Any CPU.Build.0 = Debug|Any CPU
		{794FB1C9-20BD-49D8-B01A-4A8409D1E453}.Debug|x64.ActiveCfg = Debug|Any CPU
		{794FB1C9-20BD-49D8-B01A-4A8409D1E453}.Debug|x64.Build.0 = Debug|Any CPU
		{794FB1C9-20BD-49D8-B01A-4A8409D1E453}.Debug|x86.ActiveCfg = Debug|Any CPU
		{794FB1C9-20BD-49D8-B01A-4A8409D1E453}.Debug|x86.Build.0 = Debug|Any CPU
		{794FB1C9-20BD-49D8-B01A-4A8409D1E453}.Release|Any CPU.ActiveCfg = Release|Any CPU
		{794FB1C9-20BD-49D8-B01A-4A8409D1E453}.Release|Any CPU.Build.0 = Release|Any CPU
		{794FB1C9-20BD-49D8-B01A-4A8409D1E453}.Release|x64.ActiveCfg = Release|Any CPU
		{794FB1C9-20BD-49D8-B01A-4A8409D1E453}.Release|x64.Build.0 = Release|Any CPU
		{794FB1C9-20BD-49D8-B01A-4A8409D1E453}.Release|x86.ActiveCfg = Release|Any CPU
		{794FB1C9-20BD-49D8-B01A-4A8409D1E453}.Release|x86.Build.0 = Release|Any CPU
		{0DACF1B4-AE65-4E8C-9C05-10AC3758842B}.Debug|Any CPU.ActiveCfg = Debug|Any CPU
		{0DACF1B4-AE65-4E8C-9C05-10AC3758842B}.Debug|Any CPU.Build.0 = Debug|Any CPU
		{0DACF1B4-AE65-4E8C-9C05-10AC3758842B}.Debug|x64.ActiveCfg = Debug|Any CPU
		{0DACF1B4-AE65-4E8C-9C05-10AC3758842B}.Debug|x64.Build.0 = Debug|Any CPU
		{0DACF1B4-AE65-4E8C-9C05-10AC3758842B}.Debug|x86.ActiveCfg = Debug|Any CPU
		{0DACF1B4-AE65-4E8C-9C05-10AC3758842B}.Debug|x86.Build.0 = Debug|Any CPU
		{0DACF1B4-AE65-4E8C-9C05-10AC3758842B}.Release|Any CPU.ActiveCfg = Release|Any CPU
		{0DACF1B4-AE65-4E8C-9C05-10AC3758842B}.Release|Any CPU.Build.0 = Release|Any CPU
		{0DACF1B4-AE65-4E8C-9C05-10AC3758842B}.Release|x64.ActiveCfg = Release|Any CPU
		{0DACF1B4-AE65-4E8C-9C05-10AC3758842B}.Release|x64.Build.0 = Release|Any CPU
		{0DACF1B4-AE65-4E8C-9C05-10AC3758842B}.Release|x86.ActiveCfg = Release|Any CPU
		{0DACF1B4-AE65-4E8C-9C05-10AC3758842B}.Release|x86.Build.0 = Release|Any CPU
		{4D69F42B-03E2-4F82-B139-751A655E51C4}.Debug|Any CPU.ActiveCfg = Debug|Any CPU
		{4D69F42B-03E2-4F82-B139-751A655E51C4}.Debug|Any CPU.Build.0 = Debug|Any CPU
		{4D69F42B-03E2-4F82-B139-751A655E51C4}.Debug|x64.ActiveCfg = Debug|Any CPU
		{4D69F42B-03E2-4F82-B139-751A655E51C4}.Debug|x64.Build.0 = Debug|Any CPU
		{4D69F42B-03E2-4F82-B139-751A655E51C4}.Debug|x86.ActiveCfg = Debug|Any CPU
		{4D69F42B-03E2-4F82-B139-751A655E51C4}.Debug|x86.Build.0 = Debug|Any CPU
		{4D69F42B-03E2-4F82-B139-751A655E51C4}.Release|Any CPU.ActiveCfg = Release|Any CPU
		{4D69F42B-03E2-4F82-B139-751A655E51C4}.Release|Any CPU.Build.0 = Release|Any CPU
		{4D69F42B-03E2-4F82-B139-751A655E51C4}.Release|x64.ActiveCfg = Release|Any CPU
		{4D69F42B-03E2-4F82-B139-751A655E51C4}.Release|x64.Build.0 = Release|Any CPU
		{4D69F42B-03E2-4F82-B139-751A655E51C4}.Release|x86.ActiveCfg = Release|Any CPU
		{4D69F42B-03E2-4F82-B139-751A655E51C4}.Release|x86.Build.0 = Release|Any CPU
		{79CC0DDF-69BB-4904-AB2C-E9723BDD4B1D}.Debug|Any CPU.ActiveCfg = Debug|Any CPU
		{79CC0DDF-69BB-4904-AB2C-E9723BDD4B1D}.Debug|Any CPU.Build.0 = Debug|Any CPU
		{79CC0DDF-69BB-4904-AB2C-E9723BDD4B1D}.Debug|x64.ActiveCfg = Debug|Any CPU
		{79CC0DDF-69BB-4904-AB2C-E9723BDD4B1D}.Debug|x64.Build.0 = Debug|Any CPU
		{79CC0DDF-69BB-4904-AB2C-E9723BDD4B1D}.Debug|x86.ActiveCfg = Debug|Any CPU
		{79CC0DDF-69BB-4904-AB2C-E9723BDD4B1D}.Debug|x86.Build.0 = Debug|Any CPU
		{79CC0DDF-69BB-4904-AB2C-E9723BDD4B1D}.Release|Any CPU.ActiveCfg = Release|Any CPU
		{79CC0DDF-69BB-4904-AB2C-E9723BDD4B1D}.Release|Any CPU.Build.0 = Release|Any CPU
		{79CC0DDF-69BB-4904-AB2C-E9723BDD4B1D}.Release|x64.ActiveCfg = Release|Any CPU
		{79CC0DDF-69BB-4904-AB2C-E9723BDD4B1D}.Release|x64.Build.0 = Release|Any CPU
		{79CC0DDF-69BB-4904-AB2C-E9723BDD4B1D}.Release|x86.ActiveCfg = Release|Any CPU
		{79CC0DDF-69BB-4904-AB2C-E9723BDD4B1D}.Release|x86.Build.0 = Release|Any CPU
	EndGlobalSection
	GlobalSection(NestedProjects) = preSolution
		{794FB1C9-20BD-49D8-B01A-4A8409D1E453} = {C05ADE38-8643-4FDC-BF4F-8B05C2530963}
		{0DACF1B4-AE65-4E8C-9C05-10AC3758842B} = {C05ADE38-8643-4FDC-BF4F-8B05C2530963}
		{4D69F42B-03E2-4F82-B139-751A655E51C4} = {C05ADE38-8643-4FDC-BF4F-8B05C2530963}
		{79CC0DDF-69BB-4904-AB2C-E9723BDD4B1D} = {C05ADE38-8643-4FDC-BF4F-8B05C2530963}
	EndGlobalSection
EndGlobal
